
Microsoft Visual Studio Solution File, Format Version 12.00
# Visual Studio 15
VisualStudioVersion = 15.0.28010.2016
MinimumVisualStudioVersion = 10.0.40219.1
Project("{9A19103F-16F7-4668-BE54-9A1E7A4F7556}") = "DashboardMicrocharts", "DashboardMicrocharts\DashboardMicrocharts.csproj", "{3308784B-D7B8-4A24-B5A0-4DD75D0949E0}"
EndProject
Project("{FAE04EC0-301F-11D3-BF4B-00C04F79EFBC}") = "DashboardMicrocharts.Android", "DashboardMicrocharts.Android\DashboardMicrocharts.Android.csproj", "{816FF0D4-4152-4294-BF10-07A5168D872C}"
EndProject
Project("{FAE04EC0-301F-11D3-BF4B-00C04F79EFBC}") = "ApiDashboard", "ApiDashboard\ApiDashboard.csproj", "{6EDCB7A3-38CC-4958-A0D2-6EB91E388762}"
EndProject
Global
	GlobalSection(SolutionConfigurationPlatforms) = preSolution
		Debug|Any CPU = Debug|Any CPU
		Release|Any CPU = Release|Any CPU
	EndGlobalSection
	GlobalSection(ProjectConfigurationPlatforms) = postSolution
		{3308784B-D7B8-4A24-B5A0-4DD75D0949E0}.Debug|Any CPU.ActiveCfg = Debug|Any CPU
		{3308784B-D7B8-4A24-B5A0-4DD75D0949E0}.Debug|Any CPU.Build.0 = Debug|Any CPU
		{3308784B-D7B8-4A24-B5A0-4DD75D0949E0}.Release|Any CPU.ActiveCfg = Release|Any CPU
		{3308784B-D7B8-4A24-B5A0-4DD75D0949E0}.Release|Any CPU.Build.0 = Release|Any CPU
		{816FF0D4-4152-4294-BF10-07A5168D872C}.Debug|Any CPU.ActiveCfg = Debug|Any CPU
		{816FF0D4-4152-4294-BF10-07A5168D872C}.Debug|Any CPU.Build.0 = Debug|Any CPU
		{816FF0D4-4152-4294-BF10-07A5168D872C}.Debug|Any CPU.Deploy.0 = Debug|Any CPU
		{816FF0D4-4152-4294-BF10-07A5168D872C}.Release|Any CPU.ActiveCfg = Release|Any CPU
		{816FF0D4-4152-4294-BF10-07A5168D872C}.Release|Any CPU.Build.0 = Release|Any CPU
		{816FF0D4-4152-4294-BF10-07A5168D872C}.Release|Any CPU.Deploy.0 = Release|Any CPU
		{6EDCB7A3-38CC-4958-A0D2-6EB91E388762}.Debug|Any CPU.ActiveCfg = Debug|Any CPU
		{6EDCB7A3-38CC-4958-A0D2-6EB91E388762}.Debug|Any CPU.Build.0 = Debug|Any CPU
		{6EDCB7A3-38CC-4958-A0D2-6EB91E388762}.Release|Any CPU.ActiveCfg = Release|Any CPU
		{6EDCB7A3-38CC-4958-A0D2-6EB91E388762}.Release|Any CPU.Build.0 = Release|Any CPU
	EndGlobalSection
	GlobalSection(SolutionProperties) = preSolution
		HideSolutionNode = FALSE
	EndGlobalSection
	GlobalSection(ExtensibilityGlobals) = postSolution
		SolutionGuid = {27B16D9D-8FDF-48B3-AF93-ED60FCB8F032}
	EndGlobalSection
EndGlobal
